{
  "pins" : [
    {
      "identity" : "mjrefresh",
      "kind" : "remoteSourceControl",
      "location" : "https://github.com/CoderMJLee/MJRefresh.git",
      "state" : {
        "branch" : "master",
        "revision" : "f9db27ea41c7e3f5002be57bbf8fd5bf30f7346e"
      }
    },
    {
      "identity" : "swiftmessages",
      "kind" : "remoteSourceControl",
      "location" : "https://github.com/SwiftKickMobile/SwiftMessages.git",
      "state" : {
        "branch" : "master",
        "revision" : "4e49214f64f949cc00af225e1f6f4457f6fd62d5"
      }
    },
    {
      "identity" : "swiftui-introspect",
      "kind" : "remoteSourceControl",
      "location" : "https://github.com/siteline/SwiftUI-Introspect.git",
      "state" : {
        "branch" : "master",
        "revision" : "7ef0df639079491ee1aaf6b83b6fd4d08df80393"
      }
    },
    {
      "identity" : "swiftuix",
      "kind" : "remoteSourceControl",
      "location" : "https://github.com/SwiftUIX/SwiftUIX.git",
      "state" : {
        "branch" : "master",
        "revision" : "a5f3e9bf213f62e7371a064efe35bd28da04996e"
      }
    }
  ],
  "version" : 2
}
